{
  "lockfileVersion": 1,
  "configVersion": 1,
  "workspaces": {
    "": {
      "name": "anonymize",
      "devDependencies": {
        "turbo": "^2",
      },
    },
    "packages/anonymize": {
      "name": "@stll/anonymize",
      "version": "0.0.5",
      "dependencies": {
        "@huggingface/tokenizers": "^0.1.2",
        "@stll/stdnum": "^0.0.1",
        "@stll/text-search": "^0.0.2",
      },
      "devDependencies": {
        "tsdown": "^0.12.4",
        "typescript": "^5.9.3",
      },
      "peerDependencies": {
        "@stll/anonymize-data": "^0.0.3",
      },
      "optionalPeers": [
        "@stll/anonymize-data",
      ],
    },
    "packages/data": {
      "name": "@stll/anonymize-data",
      "version": "0.0.3",
      "devDependencies": {
        "stopwords-iso": "1.1.0",
        "tsdown": "^0.12.4",
        "typescript": "^5.9.3",
      },
    },
  },
  "packages": {
    "@babel/generator": ["@babel/generator@7.29.1", "", { "dependencies": { "@babel/parser": "^7.29.0", "@babel/types": "^7.29.0", "@jridgewell/gen-mapping": "^0.3.12", "@jridgewell/trace-mapping": "^0.3.28", "jsesc": "^3.0.2" } }, "sha512-qsaF+9Qcm2Qv8SRIMMscAvG4O3lJ0F1GuMo5HR/Bp02LopNgnZBC/EkbevHFeGs4ls/oPz9v+Bsmzbkbe+0dUw=="],

    "@babel/helper-string-parser": ["@babel/helper-string-parser@7.27.1", "", {}, "sha512-qMlSxKbpRlAridDExk92nSobyDdpPijUq2DW6oDnUqd0iOGxmQjyqhMIihI9+zv4LPyZdRje2cavWPbCbWm3eA=="],

    "@babel/helper-validator-identifier": ["@babel/helper-validator-identifier@7.28.5", "", {}, "sha512-qSs4ifwzKJSV39ucNjsvc6WVHs6b7S03sOh2OcHF9UHfVPqWWALUsNUVzhSBiItjRZoLHx7nIarVjqKVusUZ1Q=="],

    "@babel/parser": ["@babel/parser@7.29.2", "", { "dependencies": { "@babel/types": "^7.29.0" }, "bin": "./bin/babel-parser.js" }, "sha512-4GgRzy/+fsBa72/RZVJmGKPmZu9Byn8o4MoLpmNe1m8ZfYnz5emHLQz3U4gLud6Zwl0RZIcgiLD7Uq7ySFuDLA=="],

    "@babel/types": ["@babel/types@7.29.0", "", { "dependencies": { "@babel/helper-string-parser": "^7.27.1", "@babel/helper-validator-identifier": "^7.28.5" } }, "sha512-LwdZHpScM4Qz8Xw2iKSzS+cfglZzJGvofQICy7W7v4caru4EaAmyUuO6BGrbyQ2mYV11W0U8j5mBhd14dd3B0A=="],

    "@emnapi/core": ["@emnapi/core@1.9.1", "", { "dependencies": { "@emnapi/wasi-threads": "1.2.0", "tslib": "^2.4.0" } }, "sha512-mukuNALVsoix/w1BJwFzwXBN/dHeejQtuVzcDsfOEsdpCumXb/E9j8w11h5S54tT1xhifGfbbSm/ICrObRb3KA=="],

    "@emnapi/runtime": ["@emnapi/runtime@1.9.1", "", { "dependencies": { "tslib": "^2.4.0" } }, "sha512-VYi5+ZVLhpgK4hQ0TAjiQiZ6ol0oe4mBx7mVv7IflsiEp0OWoVsp/+f9Vc1hOhE0TtkORVrI1GvzyreqpgWtkA=="],

    "@emnapi/wasi-threads": ["@emnapi/wasi-threads@1.2.0", "", { "dependencies": { "tslib": "^2.4.0" } }, "sha512-N10dEJNSsUx41Z6pZsXU8FjPjpBEplgH24sfkmITrBED1/U2Esum9F3lfLrMjKHHjmi557zQn7kR9R+XWXu5Rg=="],

    "@huggingface/tokenizers": ["@huggingface/tokenizers@0.1.2", "", {}, "sha512-6sPNgS2pHowVBXFBuaKKUP0e9+5K2vPyAlmi2bc5PofMkMyi6gttJsq5FKcIDpAjJIONV6Pom9DTjqKazsrdAw=="],

    "@jridgewell/gen-mapping": ["@jridgewell/gen-mapping@0.3.13", "", { "dependencies": { "@jridgewell/sourcemap-codec": "^1.5.0", "@jridgewell/trace-mapping": "^0.3.24" } }, "sha512-2kkt/7niJ6MgEPxF0bYdQ6etZaA+fQvDcLKckhy1yIQOzaoKjBBjSj63/aLVjYE3qhRt5dvM+uUyfCg6UKCBbA=="],

    "@jridgewell/resolve-uri": ["@jridgewell/resolve-uri@3.1.2", "", {}, "sha512-bRISgCIjP20/tbWSPWMEi54QVPRZExkuD9lJL+UIxUKtwVJA8wW1Trb1jMs1RFXo1CBTNZ/5hpC9QvmKWdopKw=="],

    "@jridgewell/sourcemap-codec": ["@jridgewell/sourcemap-codec@1.5.5", "", {}, "sha512-cYQ9310grqxueWbl+WuIUIaiUaDcj7WOq5fVhEljNVgRfOUhY9fy2zTvfoqWsnebh8Sl70VScFbICvJnLKB0Og=="],

    "@jridgewell/trace-mapping": ["@jridgewell/trace-mapping@0.3.31", "", { "dependencies": { "@jridgewell/resolve-uri": "^3.1.0", "@jridgewell/sourcemap-codec": "^1.4.14" } }, "sha512-zzNR+SdQSDJzc8joaeP8QQoCQr8NuYx2dIIytl1QeBEZHJ9uW6hebsrYgbz8hJwUQao3TWCMtmfV8Nu1twOLAw=="],

    "@napi-rs/wasm-runtime": ["@napi-rs/wasm-runtime@1.1.1", "", { "dependencies": { "@emnapi/core": "^1.7.1", "@emnapi/runtime": "^1.7.1", "@tybys/wasm-util": "^0.10.1" } }, "sha512-p64ah1M1ld8xjWv3qbvFwHiFVWrq1yFvV4f7w+mzaqiR4IlSgkqhcRdHwsGgomwzBH51sRY4NEowLxnaBjcW/A=="],

    "@oxc-project/types": ["@oxc-project/types@0.122.0", "", {}, "sha512-oLAl5kBpV4w69UtFZ9xqcmTi+GENWOcPF7FCrczTiBbmC0ibXxCwyvZGbO39rCVEuLGAZM84DH0pUIyyv/YJzA=="],

    "@quansync/fs": ["@quansync/fs@1.0.0", "", { "dependencies": { "quansync": "^1.0.0" } }, "sha512-4TJ3DFtlf1L5LDMaM6CanJ/0lckGNtJcMjQ1NAV6zDmA0tEHKZtxNKin8EgPaVX1YzljbxckyT2tJrpQKAtngQ=="],

    "@rolldown/binding-android-arm64": ["@rolldown/binding-android-arm64@1.0.0-rc.11", "", { "os": "android", "cpu": "arm64" }, "sha512-SJ+/g+xNnOh6NqYxD0V3uVN4W3VfnrGsC9/hoglicgTNfABFG9JjISvkkU0dNY84MNHLWyOgxP9v9Y9pX4S7+A=="],

    "@rolldown/binding-darwin-arm64": ["@rolldown/binding-darwin-arm64@1.0.0-rc.11", "", { "os": "darwin", "cpu": "arm64" }, "sha512-7WQgR8SfOPwmDZGFkThUvsmd/nwAWv91oCO4I5LS7RKrssPZmOt7jONN0cW17ydGC1n/+puol1IpoieKqQidmg=="],

    "@rolldown/binding-darwin-x64": ["@rolldown/binding-darwin-x64@1.0.0-rc.11", "", { "os": "darwin", "cpu": "x64" }, "sha512-39Ks6UvIHq4rEogIfQBoBRusj0Q0nPVWIvqmwBLaT6aqQGIakHdESBVOPRRLacy4WwUPIx4ZKzfZ9PMW+IeyUQ=="],

    "@rolldown/binding-freebsd-x64": ["@rolldown/binding-freebsd-x64@1.0.0-rc.11", "", { "os": "freebsd", "cpu": "x64" }, "sha512-jfsm0ZHfhiqrvWjJAmzsqiIFPz5e7mAoCOPBNTcNgkiid/LaFKiq92+0ojH+nmJmKYkre4t71BWXUZDNp7vsag=="],

    "@rolldown/binding-linux-arm-gnueabihf": ["@rolldown/binding-linux-arm-gnueabihf@1.0.0-rc.11", "", { "os": "linux", "cpu": "arm" }, "sha512-zjQaUtSyq1nVe3nxmlSCuR96T1LPlpvmJ0SZy0WJFEsV4kFbXcq2u68L4E6O0XeFj4aex9bEauqjW8UQBeAvfQ=="],

    "@rolldown/binding-linux-arm64-gnu": ["@rolldown/binding-linux-arm64-gnu@1.0.0-rc.11", "", { "os": "linux", "cpu": "arm64" }, "sha512-WMW1yE6IOnehTcFE9eipFkm3XN63zypWlrJQ2iF7NrQ9b2LDRjumFoOGJE8RJJTJCTBAdmLMnJ8uVitACUUo1Q=="],

    "@rolldown/binding-linux-arm64-musl": ["@rolldown/binding-linux-arm64-musl@1.0.0-rc.11", "", { "os": "linux", "cpu": "arm64" }, "sha512-jfndI9tsfm4APzjNt6QdBkYwre5lRPUgHeDHoI7ydKUuJvz3lZeCfMsI56BZj+7BYqiKsJm7cfd/6KYV7ubrBg=="],

    "@rolldown/binding-linux-ppc64-gnu": ["@rolldown/binding-linux-ppc64-gnu@1.0.0-rc.11", "", { "os": "linux", "cpu": "ppc64" }, "sha512-ZlFgw46NOAGMgcdvdYwAGu2Q+SLFA9LzbJLW+iyMOJyhj5wk6P3KEE9Gct4xWwSzFoPI7JCdYmYMzVtlgQ+zfw=="],

    "@rolldown/binding-linux-s390x-gnu": ["@rolldown/binding-linux-s390x-gnu@1.0.0-rc.11", "", { "os": "linux", "cpu": "s390x" }, "sha512-hIOYmuT6ofM4K04XAZd3OzMySEO4K0/nc9+jmNcxNAxRi6c5UWpqfw3KMFV4MVFWL+jQsSh+bGw2VqmaPMTLyw=="],

    "@rolldown/binding-linux-x64-gnu": ["@rolldown/binding-linux-x64-gnu@1.0.0-rc.11", "", { "os": "linux", "cpu": "x64" }, "sha512-qXBQQO9OvkjjQPLdUVr7Nr2t3QTZI7s4KZtfw7HzBgjbmAPSFwSv4rmET9lLSgq3rH/ndA3ngv3Qb8l2njoPNA=="],

    "@rolldown/binding-linux-x64-musl": ["@rolldown/binding-linux-x64-musl@1.0.0-rc.11", "", { "os": "linux", "cpu": "x64" }, "sha512-/tpFfoSTzUkH9LPY+cYbqZBDyyX62w5fICq9qzsHLL8uTI6BHip3Q9Uzft0wylk/i8OOwKik8OxW+QAhDmzwmg=="],

    "@rolldown/binding-openharmony-arm64": ["@rolldown/binding-openharmony-arm64@1.0.0-rc.11", "", { "os": "none", "cpu": "arm64" }, "sha512-mcp3Rio2w72IvdZG0oQ4bM2c2oumtwHfUfKncUM6zGgz0KgPz4YmDPQfnXEiY5t3+KD/i8HG2rOB/LxdmieK2g=="],

    "@rolldown/binding-wasm32-wasi": ["@rolldown/binding-wasm32-wasi@1.0.0-rc.11", "", { "dependencies": { "@napi-rs/wasm-runtime": "^1.1.1" }, "cpu": "none" }, "sha512-LXk5Hii1Ph9asuGRjBuz8TUxdc1lWzB7nyfdoRgI0WGPZKmCxvlKk8KfYysqtr4MfGElu/f/pEQRh8fcEgkrWw=="],

    "@rolldown/binding-win32-arm64-msvc": ["@rolldown/binding-win32-arm64-msvc@1.0.0-rc.11", "", { "os": "win32", "cpu": "arm64" }, "sha512-dDwf5otnx0XgRY1yqxOC4ITizcdzS/8cQ3goOWv3jFAo4F+xQYni+hnMuO6+LssHHdJW7+OCVL3CoU4ycnh35Q=="],

    "@rolldown/binding-win32-x64-msvc": ["@rolldown/binding-win32-x64-msvc@1.0.0-rc.11", "", { "os": "win32", "cpu": "x64" }, "sha512-LN4/skhSggybX71ews7dAj6r2geaMJfm3kMbK2KhFMg9B10AZXnKoLCVVgzhMHL0S+aKtr4p8QbAW8k+w95bAA=="],

    "@rolldown/pluginutils": ["@rolldown/pluginutils@1.0.0-rc.11", "", {}, "sha512-xQO9vbwBecJRv9EUcQ/y0dzSTJgA7Q6UVN7xp6B81+tBGSLVAK03yJ9NkJaUA7JFD91kbjxRSC/mDnmvXzbHoQ=="],

    "@stll/aho-corasick": ["@stll/aho-corasick@0.0.2", "", { "optionalDependencies": { "@stll/aho-corasick-darwin-arm64": "0.0.2", "@stll/aho-corasick-darwin-x64": "0.0.2", "@stll/aho-corasick-linux-arm64-gnu": "0.0.2", "@stll/aho-corasick-linux-x64-gnu": "0.0.2", "@stll/aho-corasick-wasm32-wasi": "0.0.2" } }, "sha512-dZfp699aMBXrk28TJ/aG1LfeY1fTq1tv3DyCMGwzAliENNaF6JvJUEolu/jwtCPK52j8d6HFvXzVfgQcsJ9zAg=="],

    "@stll/aho-corasick-darwin-arm64": ["@stll/aho-corasick-darwin-arm64@0.0.2", "", { "os": "darwin", "cpu": "arm64" }, "sha512-7kXe1dYrl9UL7yxphbosfS+Cikluf2zkhOjQAwBY4PPAesmoibCREhAnRXu25uhsWzjZLxdRhyn5yWMXt9zGQw=="],

    "@stll/aho-corasick-darwin-x64": ["@stll/aho-corasick-darwin-x64@0.0.2", "", { "os": "darwin", "cpu": "x64" }, "sha512-QVL9rRiFVhfULzzQHVoicR3hF7JHfQ0dArW3l8xOE+viE1QSkQxEKPYXeXWAvbHTPMLgh+wvtK13gYkv7x+mfQ=="],

    "@stll/aho-corasick-linux-arm64-gnu": ["@stll/aho-corasick-linux-arm64-gnu@0.0.2", "", { "os": "linux", "cpu": "arm64" }, "sha512-D6EE+xZ0hSyVvM9sTSVMI3hQSRmCGaY+9QUQfm5NoRQ0dWIqK3CQRfxMGZav8bzINmCy3EZpraBSHcpbiHv3gg=="],

    "@stll/aho-corasick-linux-x64-gnu": ["@stll/aho-corasick-linux-x64-gnu@0.0.2", "", { "os": "linux", "cpu": "x64" }, "sha512-KgK52jXMMojGo/hO4J1HChdTEqS9qTvbTSBPPEA3aqmL7ri5xdLbdv1YSFqjDkwtAFtz+cLvlk9VMfDgjmTHEw=="],

    "@stll/aho-corasick-wasm32-wasi": ["@stll/aho-corasick-wasm32-wasi@0.0.2", "", { "dependencies": { "@napi-rs/wasm-runtime": "^1.1.1" } }, "sha512-oz2nUAcaANu8Z1fP1obqiGCcAVk10ind1MztwAsf424RAVgxR/bJLSBoQm04g8fR/jnaM+/R6TP0QO08FxYfIg=="],

    "@stll/anonymize": ["@stll/anonymize@workspace:packages/anonymize"],

    "@stll/anonymize-data": ["@stll/anonymize-data@workspace:packages/data"],

    "@stll/fuzzy-search": ["@stll/fuzzy-search@0.0.2", "", { "optionalDependencies": { "@stll/fuzzy-search-darwin-arm64": "0.0.2", "@stll/fuzzy-search-darwin-x64": "0.0.2", "@stll/fuzzy-search-linux-arm64-gnu": "0.0.2", "@stll/fuzzy-search-linux-x64-gnu": "0.0.2", "@stll/fuzzy-search-wasm32-wasi": "0.0.2" } }, "sha512-I7tvzJfLRKTPtLtyuCSZIsA2tMADy0pzjEBpzsbng555oslJlmyHyVytC8e66+wHjU2IeBK8Y28aTV6pydakHw=="],

    "@stll/fuzzy-search-darwin-arm64": ["@stll/fuzzy-search-darwin-arm64@0.0.2", "", { "os": "darwin", "cpu": "arm64" }, "sha512-Y24WTNIRpo9zzFyTgBLZwRgNFGKhvKhpAAVQWdjAG7fHSbTYRyrWRjmLFhjuc4xn0X1PJ83TLugFfJTWpeaLaQ=="],

    "@stll/fuzzy-search-darwin-x64": ["@stll/fuzzy-search-darwin-x64@0.0.2", "", { "os": "darwin", "cpu": "x64" }, "sha512-xICH+jjN77HkT2MurNspPQRLI5Mj0UUyufFrq1d+OQQXhpBKrwov3eInJXZBE5DfW3ZLNj9GfPzLLoGv0sohVQ=="],

    "@stll/fuzzy-search-linux-arm64-gnu": ["@stll/fuzzy-search-linux-arm64-gnu@0.0.2", "", { "os": "linux", "cpu": "arm64" }, "sha512-xM3D2eRzer/s9ZMCPaH3+aPozKeIiR+P2x+oGP6DaZuaLiJZpi5z/iQzjyFEy7oUFEmO1lgLq00FeBv6VF56tw=="],

    "@stll/fuzzy-search-linux-x64-gnu": ["@stll/fuzzy-search-linux-x64-gnu@0.0.2", "", { "os": "linux", "cpu": "x64" }, "sha512-AbDXewFM7obMYSq/uQR+ZyPbF2SoXBwJmz0FFpl2+lr/CXlwlGZtbCDu3p0doC7exYaunecKk7L1LIMNOMpVnQ=="],

    "@stll/fuzzy-search-wasm32-wasi": ["@stll/fuzzy-search-wasm32-wasi@0.0.2", "", { "dependencies": { "@napi-rs/wasm-runtime": "^1.1.1" } }, "sha512-A9eHITqLzi1sUXqLhJlMNfXv7VSTwS+bX83aWh2YsWEEg1Fk2pKI0rAyE77FzSZJrx0ED7tacGoTjHyvDcK7MA=="],

    "@stll/regex-set": ["@stll/regex-set@0.0.2", "", { "optionalDependencies": { "@stll/regex-set-darwin-arm64": "0.0.2", "@stll/regex-set-darwin-x64": "0.0.2", "@stll/regex-set-linux-arm64-gnu": "0.0.2", "@stll/regex-set-linux-x64-gnu": "0.0.2", "@stll/regex-set-wasm32-wasi": "0.0.2" } }, "sha512-vqpzPIXHYNm8arFyqoCf13GWdCQbE+FZ3NnVAHLjxo3ABN5RtionUHGmhmmkV+RuO3+USC58NTjizagSZA2Ucg=="],

    "@stll/regex-set-darwin-arm64": ["@stll/regex-set-darwin-arm64@0.0.2", "", { "os": "darwin", "cpu": "arm64" }, "sha512-C9LvlDZqqEQ0Ef9secZ7VYSimSJ+J/BsrTODI7S0zrhTqK4xqUfP5rA8sPHiqICmYUyuQx0IRZZlZgtwHWLtEA=="],

    "@stll/regex-set-darwin-x64": ["@stll/regex-set-darwin-x64@0.0.2", "", { "os": "darwin", "cpu": "x64" }, "sha512-zYURDm2wmYHm9oY91avpgNg7PDCi5MRkxrM8skCjSCozGGcVARZIF1d8vUdXAVO7eNN+VxBrrT7zVdN7asJUYw=="],

    "@stll/regex-set-linux-arm64-gnu": ["@stll/regex-set-linux-arm64-gnu@0.0.2", "", { "os": "linux", "cpu": "arm64" }, "sha512-o1mDSQHb6RB+DnIr9psD6MJULkJ2rqWBKAdr3n5w8Airr1jLFKK0qa0uY6gigu+1rlW6x8lNbjQWRQMyM69HZA=="],

    "@stll/regex-set-linux-x64-gnu": ["@stll/regex-set-linux-x64-gnu@0.0.2", "", { "os": "linux", "cpu": "x64" }, "sha512-YwbI/sRrHr7tdOjjiv5DZbPM63dng8Bfayf2nm02Z4nfelCI4lVjTbyA4bhIy7D30a4i34IhAbznrLrH7b8DFw=="],

    "@stll/regex-set-wasm32-wasi": ["@stll/regex-set-wasm32-wasi@0.0.2", "", { "dependencies": { "@napi-rs/wasm-runtime": "^1.1.1" } }, "sha512-Ga9sJdKdcQz2307N9xdCv16uJ7f2eikZxCWausDbNn2NGaiblISOzAUwg1tDdAScS0qzOaa+LeWQ7ZnGOACiaA=="],

    "@stll/stdnum": ["@stll/stdnum@0.0.1", "", {}, "sha512-YVYjfxU9zgmPS/6YhHHuMgBPv9hEgtCKcwprzP20mebLoP+Pt0v/6FvbfVzxlBBDCqhkit/IXT20EcE/PhSAfA=="],

    "@stll/text-search": ["@stll/text-search@0.0.2", "", { "dependencies": { "@stll/aho-corasick": "^0.0.2", "@stll/fuzzy-search": "^0.0.2", "@stll/regex-set": "^0.0.2" } }, "sha512-afhpcrdbfJDermuIJiVVV8+vFUAQyuxgZWIUakY0xCmL8OT3HiG0oOLaASv6aPxsYYPiiofVzj5GKGMsZvQ3Wg=="],

    "@turbo/darwin-64": ["@turbo/darwin-64@2.8.20", "", { "os": "darwin", "cpu": "x64" }, "sha512-FQ9EX1xMU5nbwjxXxM3yU88AQQ6Sqc6S44exPRroMcx9XZHqqppl5ymJF0Ig/z3nvQNwDmz1Gsnvxubo+nXWjQ=="],

    "@turbo/darwin-arm64": ["@turbo/darwin-arm64@2.8.20", "", { "os": "darwin", "cpu": "arm64" }, "sha512-Gpyh9ATFGThD6/s9L95YWY54cizg/VRWl2B67h0yofG8BpHf67DFAh9nuJVKG7bY0+SBJDAo5cMur+wOl9YOYw=="],

    "@turbo/linux-64": ["@turbo/linux-64@2.8.20", "", { "os": "linux", "cpu": "x64" }, "sha512-p2QxWUYyYUgUFG0b0kR+pPi8t7c9uaVlRtjTTI1AbCvVqkpjUfCcReBn6DgG/Hu8xrWdKLuyQFaLYFzQskZbcA=="],

    "@turbo/linux-arm64": ["@turbo/linux-arm64@2.8.20", "", { "os": "linux", "cpu": "arm64" }, "sha512-Gn5yjlZGLRZWarLWqdQzv0wMqyBNIdq1QLi48F1oY5Lo9kiohuf7BPQWtWxeNVS2NgJ1+nb/DzK1JduYC4AWOA=="],

    "@turbo/windows-64": ["@turbo/windows-64@2.8.20", "", { "os": "win32", "cpu": "x64" }, "sha512-vyaDpYk/8T6Qz5V/X+ihKvKFEZFUoC0oxYpC1sZanK6gaESJlmV3cMRT3Qhcg4D2VxvtC2Jjs9IRkrZGL+exLw=="],

    "@turbo/windows-arm64": ["@turbo/windows-arm64@2.8.20", "", { "os": "win32", "cpu": "arm64" }, "sha512-voicVULvUV5yaGXo0Iue13BcHGYW3u0VgqSbfQwBaHbpj1zLjYV4KIe+7fYIo6DO8FVUJzxFps3ODCQG/Wy2Qw=="],

    "@tybys/wasm-util": ["@tybys/wasm-util@0.10.1", "", { "dependencies": { "tslib": "^2.4.0" } }, "sha512-9tTaPJLSiejZKx+Bmog4uSubteqTvFrVrURwkmHixBo0G4seD0zUxp98E1DzUBJxLQ3NPwXrGKDiVjwx/DpPsg=="],

    "ansis": ["ansis@4.2.0", "", {}, "sha512-HqZ5rWlFjGiV0tDm3UxxgNRqsOTniqoKZu0pIAfh7TZQMGuZK+hH0drySty0si0QXj1ieop4+SkSfPZBPPkHig=="],

    "ast-kit": ["ast-kit@2.2.0", "", { "dependencies": { "@babel/parser": "^7.28.5", "pathe": "^2.0.3" } }, "sha512-m1Q/RaVOnTp9JxPX+F+Zn7IcLYMzM8kZofDImfsKZd8MbR+ikdOzTeztStWqfrqIxZnYWryyI9ePm3NGjnZgGw=="],

    "birpc": ["birpc@2.9.0", "", {}, "sha512-KrayHS5pBi69Xi9JmvoqrIgYGDkD6mcSe/i6YKi3w5kekCLzrX4+nawcXqrj2tIp50Kw/mT/s3p+GVK0A0sKxw=="],

    "cac": ["cac@6.7.14", "", {}, "sha512-b6Ilus+c3RrdDk+JhLKUAQfzzgLEPy6wcXqS7f/xe1EETvsDP6GORG7SFuOs6cID5YkqchW/LXZbX5bc8j7ZcQ=="],

    "chokidar": ["chokidar@4.0.3", "", { "dependencies": { "readdirp": "^4.0.1" } }, "sha512-Qgzu8kfBvo+cA4962jnP1KkS6Dop5NS6g7R5LFYJr4b8Ub94PPQXUksCw9PvXoeXPRRddRNC5C1JQUR2SMGtnA=="],

    "debug": ["debug@4.4.3", "", { "dependencies": { "ms": "^2.1.3" } }, "sha512-RGwwWnwQvkVfavKVt22FGLw+xYSdzARwm0ru6DhTVA3umU5hZc28V3kO4stgYryrTlLpuvgI9GiijltAjNbcqA=="],

    "defu": ["defu@6.1.4", "", {}, "sha512-mEQCMmwJu317oSz8CwdIOdwf3xMif1ttiM8LTufzc3g6kR+9Pe236twL8j3IYT1F7GfRgGcW6MWxzZjLIkuHIg=="],

    "diff": ["diff@8.0.4", "", {}, "sha512-DPi0FmjiSU5EvQV0++GFDOJ9ASQUVFh5kD+OzOnYdi7n3Wpm9hWWGfB/O2blfHcMVTL5WkQXSnRiK9makhrcnw=="],

    "dts-resolver": ["dts-resolver@2.1.3", "", { "peerDependencies": { "oxc-resolver": ">=11.0.0" }, "optionalPeers": ["oxc-resolver"] }, "sha512-bihc7jPC90VrosXNzK0LTE2cuLP6jr0Ro8jk+kMugHReJVLIpHz/xadeq3MhuwyO4TD4OA3L1Q8pBBFRc08Tsw=="],

    "empathic": ["empathic@2.0.0", "", {}, "sha512-i6UzDscO/XfAcNYD75CfICkmfLedpyPDdozrLMmQc5ORaQcdMoc21OnlEylMIqI7U8eniKrPMxxtj8k0vhmJhA=="],

    "fdir": ["fdir@6.5.0", "", { "peerDependencies": { "picomatch": "^3 || ^4" }, "optionalPeers": ["picomatch"] }, "sha512-tIbYtZbucOs0BRGqPJkshJUYdL+SDH7dVM8gjy+ERp3WAUjLEFJE+02kanyHtwjWOnwrKYBiwAmM0p4kLJAnXg=="],

    "get-tsconfig": ["get-tsconfig@4.13.7", "", { "dependencies": { "resolve-pkg-maps": "^1.0.0" } }, "sha512-7tN6rFgBlMgpBML5j8typ92BKFi2sFQvIdpAqLA2beia5avZDrMs0FLZiM5etShWq5irVyGcGMEA1jcDaK7A/Q=="],

    "hookable": ["hookable@5.5.3", "", {}, "sha512-Yc+BQe8SvoXH1643Qez1zqLRmbA5rCL+sSmk6TVos0LWVfNIB7PGncdlId77WzLGSIB5KaWgTaNTs2lNVEI6VQ=="],

    "jiti": ["jiti@2.6.1", "", { "bin": { "jiti": "lib/jiti-cli.mjs" } }, "sha512-ekilCSN1jwRvIbgeg/57YFh8qQDNbwDb9xT/qu2DAHbFFZUicIl4ygVaAvzveMhMVr3LnpSKTNnwt8PoOfmKhQ=="],

    "jsesc": ["jsesc@3.1.0", "", { "bin": { "jsesc": "bin/jsesc" } }, "sha512-/sM3dO2FOzXjKQhJuo0Q173wf2KOo8t4I8vHy6lF9poUp7bKT0/NHE8fPX23PwfhnykfqnC2xRxOnVw5XuGIaA=="],

    "ms": ["ms@2.1.3", "", {}, "sha512-6FlzubTLZG3J2a/NVCAleEhjzq5oxgHyaCU9yYXvcLsvoVaHJq/s5xXI6/XXP6tz7R9xAOtHnSO/tXtF3WRTlA=="],

    "pathe": ["pathe@2.0.3", "", {}, "sha512-WUjGcAqP1gQacoQe+OBJsFA7Ld4DyXuUIjZ5cc75cLHvJ7dtNsTugphxIADwspS+AraAUePCKrSVtPLFj/F88w=="],

    "picomatch": ["picomatch@4.0.4", "", {}, "sha512-QP88BAKvMam/3NxH6vj2o21R6MjxZUAd6nlwAS/pnGvN9IVLocLHxGYIzFhg6fUQ+5th6P4dv4eW9jX3DSIj7A=="],

    "quansync": ["quansync@1.0.0", "", {}, "sha512-5xZacEEufv3HSTPQuchrvV6soaiACMFnq1H8wkVioctoH3TRha9Sz66lOxRwPK/qZj7HPiSveih9yAyh98gvqA=="],

    "readdirp": ["readdirp@4.1.2", "", {}, "sha512-GDhwkLfywWL2s6vEjyhri+eXmfH6j1L7JE27WhqLeYzoh/A3DBaYGEj2H/HFZCn/kMfim73FXxEJTw06WtxQwg=="],

    "resolve-pkg-maps": ["resolve-pkg-maps@1.0.0", "", {}, "sha512-seS2Tj26TBVOC2NIc2rOe2y2ZO7efxITtLZcGSOnHHNOQ7CkiUBfw0Iw2ck6xkIhPwLhKNLS8BO+hEpngQlqzw=="],

    "rolldown": ["rolldown@1.0.0-rc.11", "", { "dependencies": { "@oxc-project/types": "=0.122.0", "@rolldown/pluginutils": "1.0.0-rc.11" }, "optionalDependencies": { "@rolldown/binding-android-arm64": "1.0.0-rc.11", "@rolldown/binding-darwin-arm64": "1.0.0-rc.11", "@rolldown/binding-darwin-x64": "1.0.0-rc.11", "@rolldown/binding-freebsd-x64": "1.0.0-rc.11", "@rolldown/binding-linux-arm-gnueabihf": "1.0.0-rc.11", "@rolldown/binding-linux-arm64-gnu": "1.0.0-rc.11", "@rolldown/binding-linux-arm64-musl": "1.0.0-rc.11", "@rolldown/binding-linux-ppc64-gnu": "1.0.0-rc.11", "@rolldown/binding-linux-s390x-gnu": "1.0.0-rc.11", "@rolldown/binding-linux-x64-gnu": "1.0.0-rc.11", "@rolldown/binding-linux-x64-musl": "1.0.0-rc.11", "@rolldown/binding-openharmony-arm64": "1.0.0-rc.11", "@rolldown/binding-wasm32-wasi": "1.0.0-rc.11", "@rolldown/binding-win32-arm64-msvc": "1.0.0-rc.11", "@rolldown/binding-win32-x64-msvc": "1.0.0-rc.11" }, "bin": { "rolldown": "bin/cli.mjs" } }, "sha512-NRjoKMusSjfRbSYiH3VSumlkgFe7kYAa3pzVOsVYVFY3zb5d7nS+a3KGQ7hJKXuYWbzJKPVQ9Wxq2UvyK+ENpw=="],

    "rolldown-plugin-dts": ["rolldown-plugin-dts@0.13.14", "", { "dependencies": { "@babel/generator": "^7.28.0", "@babel/parser": "^7.28.0", "@babel/types": "^7.28.1", "ast-kit": "^2.1.1", "birpc": "^2.5.0", "debug": "^4.4.1", "dts-resolver": "^2.1.1", "get-tsconfig": "^4.10.1" }, "peerDependencies": { "@typescript/native-preview": ">=7.0.0-dev.20250601.1", "rolldown": "^1.0.0-beta.9", "typescript": "^5.0.0", "vue-tsc": "^2.2.0 || ^3.0.0" }, "optionalPeers": ["@typescript/native-preview", "typescript", "vue-tsc"] }, "sha512-wjNhHZz9dlN6PTIXyizB6u/mAg1wEFMW9yw7imEVe3CxHSRnNHVyycIX0yDEOVJfDNISLPbkCIPEpFpizy5+PQ=="],

    "semver": ["semver@7.7.4", "", { "bin": { "semver": "bin/semver.js" } }, "sha512-vFKC2IEtQnVhpT78h1Yp8wzwrf8CM+MzKMHGJZfBtzhZNycRFnXsHk6E5TxIkkMsgNS7mdX3AGB7x2QM2di4lA=="],

    "stopwords-iso": ["stopwords-iso@1.1.0", "", {}, "sha512-I6GPS/E0zyieHehMRPQcqkiBMJKGgLta+1hREixhoLPqEA0AlVFiC43dl8uPpmkkeRdDMzYRWFWk5/l9x7nmNg=="],

    "tinyexec": ["tinyexec@1.0.4", "", {}, "sha512-u9r3uZC0bdpGOXtlxUIdwf9pkmvhqJdrVCH9fapQtgy/OeTTMZ1nqH7agtvEfmGui6e1XxjcdrlxvxJvc3sMqw=="],

    "tinyglobby": ["tinyglobby@0.2.15", "", { "dependencies": { "fdir": "^6.5.0", "picomatch": "^4.0.3" } }, "sha512-j2Zq4NyQYG5XMST4cbs02Ak8iJUdxRM0XI5QyxXuZOzKOINmWurp3smXu3y5wDcJrptwpSjgXHzIQxR0omXljQ=="],

    "tsdown": ["tsdown@0.12.9", "", { "dependencies": { "ansis": "^4.1.0", "cac": "^6.7.14", "chokidar": "^4.0.3", "debug": "^4.4.1", "diff": "^8.0.2", "empathic": "^2.0.0", "hookable": "^5.5.3", "rolldown": "^1.0.0-beta.19", "rolldown-plugin-dts": "^0.13.12", "semver": "^7.7.2", "tinyexec": "^1.0.1", "tinyglobby": "^0.2.14", "unconfig": "^7.3.2" }, "peerDependencies": { "@arethetypeswrong/core": "^0.18.1", "publint": "^0.3.0", "typescript": "^5.0.0", "unplugin-lightningcss": "^0.4.0", "unplugin-unused": "^0.5.0" }, "optionalPeers": ["@arethetypeswrong/core", "publint", "typescript", "unplugin-lightningcss", "unplugin-unused"], "bin": { "tsdown": "dist/run.mjs" } }, "sha512-MfrXm9PIlT3saovtWKf/gCJJ/NQCdE0SiREkdNC+9Qy6UHhdeDPxnkFaBD7xttVUmgp0yUHtGirpoLB+OVLuLA=="],

    "tslib": ["tslib@2.8.1", "", {}, "sha512-oJFu94HQb+KVduSUQL7wnpmqnfmLsOA/nAh6b6EH0wCEoK0/mPeXU6c3wKDV83MkOuHPRHtSXKKU99IBazS/2w=="],

    "turbo": ["turbo@2.8.20", "", { "optionalDependencies": { "@turbo/darwin-64": "2.8.20", "@turbo/darwin-arm64": "2.8.20", "@turbo/linux-64": "2.8.20", "@turbo/linux-arm64": "2.8.20", "@turbo/windows-64": "2.8.20", "@turbo/windows-arm64": "2.8.20" }, "bin": { "turbo": "bin/turbo" } }, "sha512-Rb4qk5YT8RUwwdXtkLpkVhNEe/lor6+WV7S5tTlLpxSz6MjV5Qi8jGNn4gS6NAvrYGA/rNrE6YUQM85sCZUDbQ=="],

    "typescript": ["typescript@5.9.3", "", { "bin": { "tsc": "bin/tsc", "tsserver": "bin/tsserver" } }, "sha512-jl1vZzPDinLr9eUt3J/t7V6FgNEw9QjvBPdysz9KfQDD41fQrC2Y4vKQdiaUpFT4bXlb1RHhLpp8wtm6M5TgSw=="],

    "unconfig": ["unconfig@7.5.0", "", { "dependencies": { "@quansync/fs": "^1.0.0", "defu": "^6.1.4", "jiti": "^2.6.1", "quansync": "^1.0.0", "unconfig-core": "7.5.0" } }, "sha512-oi8Qy2JV4D3UQ0PsopR28CzdQ3S/5A1zwsUwp/rosSbfhJ5z7b90bIyTwi/F7hCLD4SGcZVjDzd4XoUQcEanvA=="],

    "unconfig-core": ["unconfig-core@7.5.0", "", { "dependencies": { "@quansync/fs": "^1.0.0", "quansync": "^1.0.0" } }, "sha512-Su3FauozOGP44ZmKdHy2oE6LPjk51M/TRRjHv2HNCWiDvfvCoxC2lno6jevMA91MYAdCdwP05QnWdWpSbncX/w=="],
  }
}
