{
  "lockfileVersion": 1,
  "configVersion": 1,
  "workspaces": {
    "": {
      "name": "anonymize",
      "devDependencies": {
        "turbo": "^2",
      },
    },
    "packages/anonymize": {
      "name": "@stll/anonymize",
      "version": "0.1.3",
      "dependencies": {
        "@huggingface/tokenizers": "^0.1.2",
        "@stll/stdnum": "^0.2.0",
        "@stll/text-search": "^0.2.0",
      },
      "devDependencies": {
        "typescript": "^5.9.3",
      },
      "peerDependencies": {
        "@stll/anonymize-data": ">=0.0.1",
      },
      "optionalPeers": [
        "@stll/anonymize-data",
      ],
    },
    "packages/data": {
      "name": "@stll/anonymize-data",
      "version": "0.0.1",
      "devDependencies": {
        "stopwords-iso": "1.1.0",
        "typescript": "^5.9.3",
      },
    },
  },
  "packages": {
    "@huggingface/tokenizers": ["@huggingface/tokenizers@0.1.2", "", {}, "sha512-6sPNgS2pHowVBXFBuaKKUP0e9+5K2vPyAlmi2bc5PofMkMyi6gttJsq5FKcIDpAjJIONV6Pom9DTjqKazsrdAw=="],

    "@stll/aho-corasick": ["@stll/aho-corasick@0.2.0", "", { "optionalDependencies": { "@stll/aho-corasick-darwin-arm64": "0.2.0", "@stll/aho-corasick-darwin-x64": "0.2.0", "@stll/aho-corasick-linux-arm64-gnu": "0.2.0", "@stll/aho-corasick-linux-x64-gnu": "0.2.0", "@stll/aho-corasick-linux-x64-musl": "0.2.0", "@stll/aho-corasick-win32-x64-msvc": "0.2.0" } }, "sha512-x8g1R6ff6/qGSQFUEy8xNEtHoxssustfqmM4F0Xqpz3hGYMHooZeEjYNFFtFCjI9BxnYm5Rt+CfgPrkvaO1g5g=="],

    "@stll/aho-corasick-darwin-arm64": ["@stll/aho-corasick-darwin-arm64@0.2.0", "", { "os": "darwin", "cpu": "arm64" }, "sha512-X1fn0tKC1Cv5nfWBgLhcw13la/P2aFFj12GyayVO9zsalndKfvbHH0LtTYkQC6rklu7vB2YJQ1PHBdj3FQ26pQ=="],

    "@stll/aho-corasick-darwin-x64": ["@stll/aho-corasick-darwin-x64@0.2.0", "", { "os": "darwin", "cpu": "x64" }, "sha512-9LpuWkmdlvCk/12SY59QWLyTxPGSWYEnm0fT4baS9qro090/sh2UxT9NIWEzL+SIsbKiGNT4FRaXnVzbpCmorg=="],

    "@stll/aho-corasick-linux-arm64-gnu": ["@stll/aho-corasick-linux-arm64-gnu@0.2.0", "", { "os": "linux", "cpu": "arm64" }, "sha512-S2i0MJZz+T1SLYjmIW3Xk7ZyDsxUammWppxbFixe+/uebsbjcv/Xp8XqYa7yDALv0ZY7Z9lA22OJ+PguHgT/mg=="],

    "@stll/aho-corasick-linux-x64-gnu": ["@stll/aho-corasick-linux-x64-gnu@0.2.0", "", { "os": "linux", "cpu": "x64" }, "sha512-u2hLiIvK3HpXP3MLxOsSJFfs3Zfm/Bm9DtwXrUhTacDr8D08jL8tdee93Q6+Lcchg8gDYMsRsM3BR1jPMm1npg=="],

    "@stll/anonymize": ["@stll/anonymize@workspace:packages/anonymize"],

    "@stll/anonymize-data": ["@stll/anonymize-data@workspace:packages/data"],

    "@stll/fuzzy-search": ["@stll/fuzzy-search@0.1.0", "", { "optionalDependencies": { "@stll/fuzzy-search-darwin-arm64": "0.1.0", "@stll/fuzzy-search-darwin-x64": "0.1.0", "@stll/fuzzy-search-linux-arm64-gnu": "0.1.0", "@stll/fuzzy-search-linux-x64-gnu": "0.1.0" } }, "sha512-+jxyyTD7u24QtjnHDOuTnWxJ0uCPxCaou3OLXNo/ufEG079BsPmQnlUWLxlzPof6ETphFLIXX1BN1O2TvNpSuw=="],

    "@stll/fuzzy-search-darwin-arm64": ["@stll/fuzzy-search-darwin-arm64@0.1.0", "", { "os": "darwin", "cpu": "arm64" }, "sha512-EabBMk6djiKnTDeEdBvszfiN+nX8ArytlUIopUJpo8z3L3R7kIaw5iQ3eGVhc1JMnPP9h4SD+cAOCV5HVj5dMA=="],

    "@stll/fuzzy-search-darwin-x64": ["@stll/fuzzy-search-darwin-x64@0.1.0", "", { "os": "darwin", "cpu": "x64" }, "sha512-IAzTxGfXAIP83Mn2Zgn2ns6pfVWc2ZFRFvofLzVWJUYCqDiDcZEjxxZJT9xrQTNagKUhEteyZNs43iETDTkQjA=="],

    "@stll/fuzzy-search-linux-arm64-gnu": ["@stll/fuzzy-search-linux-arm64-gnu@0.1.0", "", { "os": "linux", "cpu": "arm64" }, "sha512-s5vpCeLt7bvghakka7bf1/+QqsTTynmAWUFxEp5S+xJNzKpP1KS4PiybUcRqkIt0la1otKwaoTkJSPSiQqTQYg=="],

    "@stll/fuzzy-search-linux-x64-gnu": ["@stll/fuzzy-search-linux-x64-gnu@0.1.0", "", { "os": "linux", "cpu": "x64" }, "sha512-qYiQp9b7slrjpnno4Yxr3hAcJVnO1L+wSjYT4QLusWxqnWRyREpOwbYpdU3dddd/Ng8ws/95II7Hd6eTOUNX+A=="],

    "@stll/regex-set": ["@stll/regex-set@0.4.0", "", { "optionalDependencies": { "@stll/regex-set-darwin-arm64": "0.4.0", "@stll/regex-set-darwin-x64": "0.4.0", "@stll/regex-set-linux-arm64-gnu": "0.4.0", "@stll/regex-set-linux-x64-gnu": "0.4.0" } }, "sha512-8Gmu78+i0G/+e8AvSW8IyrAtwcbyZeHcViR+Z7vSAv4yjHZ4bQLLXJbUnZLevrbzKKmbkVoZZPupI0NMHMeaHQ=="],

    "@stll/regex-set-darwin-arm64": ["@stll/regex-set-darwin-arm64@0.4.0", "", { "os": "darwin", "cpu": "arm64" }, "sha512-lOYaNYkClywMCqJw1NKzzqN2YjyEdmJ2O573LZneh+/QJzjbF3kvtTIJ6wts/RJdDVngqjiaHtLjcKkYUk1vSA=="],

    "@stll/regex-set-darwin-x64": ["@stll/regex-set-darwin-x64@0.4.0", "", { "os": "darwin", "cpu": "x64" }, "sha512-9mBkV5j9UK/Isd+DqJwuZPA8HOI2b23PDo80ae4MWUcChhYdqf5pvOEU+PcZq/FHPnRT+rEBCtloImop6j6J4g=="],

    "@stll/regex-set-linux-arm64-gnu": ["@stll/regex-set-linux-arm64-gnu@0.4.0", "", { "os": "linux", "cpu": "arm64" }, "sha512-IzL2jcSrAMZMI7a4MKYqnRcoH+3TALRFtcYniQyD6vsHjwrRRpYjI9uiEinR4fEErWQ5jPBChgQkdlC9/YgpLg=="],

    "@stll/regex-set-linux-x64-gnu": ["@stll/regex-set-linux-x64-gnu@0.4.0", "", { "os": "linux", "cpu": "x64" }, "sha512-8DvAVVV2f4Rpi2Fkvf30QnYCMGehroN2yTjFP1XRulT6Dzb92JyAdCaVm48iI9jzV8wJWnXFVJ/Bx6Wrpf0DjA=="],

    "@stll/stdnum": ["@stll/stdnum@0.2.0", "", {}, "sha512-A1IMC5HQZ/PdEG4M2/gd/XTdcDBn4XdBS8qN+1g+vdh5jQW2GxzTUz+H2wLIdwwRG5iFeijR+szISZ+2jfNUSA=="],

    "@stll/text-search": ["@stll/text-search@0.2.0", "", { "dependencies": { "@stll/aho-corasick": "^0.2.0", "@stll/fuzzy-search": "^0.1.0", "@stll/regex-set": "^0.4.0" } }, "sha512-xSPKh2vf1XSmE9ILDuFy4H3k/8H6Vq1J3NWuUkaRYnPs5Z4Jf4+2vTDRdBhjJTqwJ/P9q83kJojDZODfhPOs1A=="],

    "stopwords-iso": ["stopwords-iso@1.1.0", "", {}, "sha512-I6GPS/E0zyieHehMRPQcqkiBMJKGgLta+1hREixhoLPqEA0AlVFiC43dl8uPpmkkeRdDMzYRWFWk5/l9x7nmNg=="],

    "turbo": ["turbo@2.8.17", "", { "optionalDependencies": { "turbo-darwin-64": "2.8.17", "turbo-darwin-arm64": "2.8.17", "turbo-linux-64": "2.8.17", "turbo-linux-arm64": "2.8.17", "turbo-windows-64": "2.8.17", "turbo-windows-arm64": "2.8.17" }, "bin": { "turbo": "bin/turbo" } }, "sha512-YwPsNSqU2f/RXU/+Kcb7cPkPZARxom4+me7LKEdN5jsvy2tpfze3zDZ4EiGrJnvOm9Avu9rK0aaYsP7qZ3iz7A=="],

    "turbo-darwin-64": ["turbo-darwin-64@2.8.17", "", { "os": "darwin", "cpu": "x64" }, "sha512-ZFkv2hv7zHpAPEXBF6ouRRXshllOavYc+jjcrYyVHvxVTTwJWsBZwJ/gpPzmOKGvkSjsEyDO5V6aqqtZzwVF+Q=="],

    "turbo-darwin-arm64": ["turbo-darwin-arm64@2.8.17", "", { "os": "darwin", "cpu": "arm64" }, "sha512-5DXqhQUt24ycEryXDfMNKEkW5TBHs+QmU23a2qxXwwFDaJsWcPo2obEhBxxdEPOv7qmotjad+09RGeWCcJ9JDw=="],

    "turbo-linux-64": ["turbo-linux-64@2.8.17", "", { "os": "linux", "cpu": "x64" }, "sha512-KLUbz6w7F73D/Ihh51hVagrKR0/CTsPEbRkvXLXvoND014XJ4BCrQUqSxlQ4/hu+nqp1v5WlM85/h3ldeyujuA=="],

    "turbo-linux-arm64": ["turbo-linux-arm64@2.8.17", "", { "os": "linux", "cpu": "arm64" }, "sha512-pJK67XcNJH40lTAjFu7s/rUlobgVXyB3A3lDoq+/JccB3hf+SysmkpR4Itlc93s8LEaFAI4mamhFuTV17Z6wOg=="],

    "turbo-windows-64": ["turbo-windows-64@2.8.17", "", { "os": "win32", "cpu": "x64" }, "sha512-EijeQ6zszDMmGZLP2vT2RXTs/GVi9rM0zv2/G4rNu2SSRSGFapgZdxgW4b5zUYLVaSkzmkpWlGfPfj76SW9yUg=="],

    "turbo-windows-arm64": ["turbo-windows-arm64@2.8.17", "", { "os": "win32", "cpu": "arm64" }, "sha512-crpfeMPkfECd4V1PQ/hMoiyVcOy04+bWedu/if89S15WhOalHZ2BYUi6DOJhZrszY+mTT99OwpOsj4wNfb/GHQ=="],

    "typescript": ["typescript@5.9.3", "", { "bin": { "tsc": "bin/tsc", "tsserver": "bin/tsserver" } }, "sha512-jl1vZzPDinLr9eUt3J/t7V6FgNEw9QjvBPdysz9KfQDD41fQrC2Y4vKQdiaUpFT4bXlb1RHhLpp8wtm6M5TgSw=="],
  }
}
